
Microsoft Visual Studio Solution File, Format Version 12.00
Project("{FAE04EC0-301F-11D3-BF4B-00C04F79EFBC}") = "Focus", "Focus\Focus.csproj", "{A04ADB29-0A0D-4E4E-AA5D-53B193E47FB3}"
EndProject
Global
	GlobalSection(SolutionConfigurationPlatforms) = preSolution
		Debug|Any CPU = Debug|Any CPU
		Release|Any CPU = Release|Any CPU
	EndGlobalSection
	GlobalSection(ProjectConfigurationPlatforms) = postSolution
		{A04ADB29-0A0D-4E4E-AA5D-53B193E47FB3}.Debug|Any CPU.ActiveCfg = Debug|Any CPU
		{A04ADB29-0A0D-4E4E-AA5D-53B193E47FB3}.Debug|Any CPU.Build.0 = Debug|Any CPU
		{A04ADB29-0A0D-4E4E-AA5D-53B193E47FB3}.Release|Any CPU.ActiveCfg = Release|Any CPU
		{A04ADB29-0A0D-4E4E-AA5D-53B193E47FB3}.Release|Any CPU.Build.0 = Release|Any CPU
	EndGlobalSection
EndGlobal
